{
	"name": "test",
	"lockfileVersion": 2,
	"requires": true,
	"packages": {
		"": {
			"dependencies": {
				"fs": "^0.0.1-security",
				"sanitiser": "file:.."
			}
		},
		"..": {
			"version": "0.0.0",
			"license": "MIT",
			"dependencies": {
				"truncate-utf8-bytes": "^1.0.2"
			}
		},
		"node_modules/fs": {
			"version": "0.0.1-security",
			"resolved": "https://registry.npmjs.org/fs/-/fs-0.0.1-security.tgz",
			"integrity": "sha1-invTcYa23d84E/I4WLV+yq9eQdQ="
		},
		"node_modules/sanitiser": {
			"resolved": "..",
			"link": true
		}
	},
	"dependencies": {
		"fs": {
			"version": "0.0.1-security",
			"resolved": "https://registry.npmjs.org/fs/-/fs-0.0.1-security.tgz",
			"integrity": "sha1-invTcYa23d84E/I4WLV+yq9eQdQ="
		},
		"sanitiser": {
			"version": "file:..",
			"requires": {
				"truncate-utf8-bytes": "^1.0.2"
			}
		}
	}
}
